{
  "name": "currency-converter-project",
  "lockfileVersion": 3,
  "requires": true,
  "packages": {
    "": {
      "dependencies": {
        "@types/es6-promise": "^0.0.33",
        "typescript": "^5.7.3"
      }
    },
    "node_modules/@types/es6-promise": {
      "version": "0.0.33",
      "resolved": "https://registry.npmjs.org/@types/es6-promise/-/es6-promise-0.0.33.tgz",
      "integrity": "sha512-HKJFVLCGrWQ/1unEw8JdaTxu6n3EUxmwTxJ6D0O1x0gD8joCsgoTWxEgevb7fp2XIogNjof3KEd+3bJoGne/nw==",
      "license": "MIT"
    },
    "node_modules/typescript": {
      "version": "5.7.3",
      "resolved": "https://registry.npmjs.org/typescript/-/typescript-5.7.3.tgz",
      "integrity": "sha512-84MVSjMEHP+FQRPy3pX9sTVV/INIex71s9TL2Gm5FG/WG1SqXeKyZ0k7/blY/4FdOzI12CBy1vGc4og/eus0fw==",
      "license": "Apache-2.0",
      "bin": {
        "tsc": "bin/tsc",
        "tsserver": "bin/tsserver"
      },
      "engines": {
        "node": ">=14.17"
      }
    }
  }
}
